# This file is autogenerated, do not edit; changes may be undone by the next 'dep ensure'.


[[projects]]
  name = "github.com/ZoltanLajosKis/go-assets"
  packages = ["."]
  revision = "fb5e66b66aa243103abdb86d1123a1120e34ab87"
  version = "v0.3.0"

[[projects]]
  branch = "master"
  name = "github.com/ZoltanLajosKis/go-mapfs"
  packages = ["."]
  revision = "5a25c6c0574ccce81860e7d55d193e2d5e84885f"

[[projects]]
  branch = "master"
  name = "github.com/ZoltanLajosKis/go-octicons"
  packages = ["."]
  revision = "63edc3f9baf12c8529f9e1144e684554d4626e72"

[[projects]]
  name = "github.com/alecthomas/kingpin"
  packages = ["."]
  revision = "1087e65c9441605df944fb12c33f0fe7072d18ca"
  version = "v2.2.5"

[[projects]]
  branch = "master"
  name = "github.com/alecthomas/template"
  packages = [".","parse"]
  revision = "a0175ee3bccc567396460bf5acd36800cb10c49c"

[[projects]]
  branch = "master"
  name = "github.com/alecthomas/units"
  packages = ["."]
  revision = "2efee857e7cfd4f3d0138cc3cbb1b4966962b93a"

[[projects]]
  branch = "master"
  name = "github.com/benbjohnson/ego"
  packages = ["."]
  revision = "c779759b6d1ac35c9cdfa2681a92c1f6c893a98b"

[[projects]]
  name = "github.com/russross/blackfriday"
  packages = ["."]
  revision = "cadec560ec52d93835bf2f15bd794700d3a2473b"
  version = "v2.0.0"

[[projects]]
  branch = "master"
  name = "github.com/shurcooL/httpfs"
  packages = ["vfsutil"]
  revision = "bc35257962c2dea93e81c976b72c7c6eac45fd8a"

[[projects]]
  branch = "master"
  name = "github.com/shurcooL/sanitized_anchor_name"
  packages = ["."]
  revision = "541ff5ee47f1dddf6a5281af78307d921524bcb5"

[[projects]]
  branch = "master"
  name = "github.com/shurcooL/vfsgen"
  packages = ["."]
  revision = "385e5833a54aaba5860ca26036b8e8b72135ab96"

[[projects]]
  name = "github.com/sirupsen/logrus"
  packages = ["."]
  revision = "f006c2ac4710855cf0f916dd6b77acf6b048dc6e"
  version = "v1.0.3"

[[projects]]
  branch = "master"
  name = "golang.org/x/crypto"
  packages = ["ssh/terminal"]
  revision = "eb71ad9bd329b5ac0fd0148dd99bd62e8be8e035"

[[projects]]
  branch = "master"
  name = "golang.org/x/sys"
  packages = ["unix","windows"]
  revision = "07c182904dbd53199946ba614a412c61d3c548f5"

[[projects]]
  branch = "master"
  name = "golang.org/x/tools"
  packages = ["godoc/vfs","godoc/vfs/httpfs"]
  revision = "1807494da808122833b9bd8e3e5fa179ef237d41"

[solve-meta]
  analyzer-name = "dep"
  analyzer-version = 1
  inputs-digest = "94da1961bbb63257370c46a651feb2fee83bde7831a1e25cbb1f33f23ffab48f"
  solver-name = "gps-cdcl"
  solver-version = 1
